{
  "version": 4,
  "terraform_version": "0.14.8",
  "serial": 214,
  "lineage": "52346266-6d57-270a-f5f1-8ab067cf5f34",
  "outputs": {
    "backend_ports": {
      "value": [
        49164,
        49163,
        49162
      ],
      "type": [
        "tuple",
        [
          "number",
          "number",
          "number"
        ]
      ]
    },
    "server_nginx_ip": {
      "value": "157.230.44.165",
      "type": "string"
    }
  },
  "resources": [
    {
      "mode": "managed",
      "type": "digitalocean_droplet",
      "name": "server_nginx",
      "provider": "provider[\"registry.terraform.io/digitalocean/digitalocean\"]",
      "instances": [
        {
          "schema_version": 1,
          "attributes": {
            "backups": false,
            "created_at": "2023-03-23T02:12:48Z",
            "disk": 25,
            "droplet_agent": null,
            "graceful_shutdown": false,
            "id": "346869581",
            "image": "ubuntu-20-04-x64",
            "ipv4_address": "157.230.44.165",
            "ipv4_address_private": "10.104.0.4",
            "ipv6": false,
            "ipv6_address": "",
            "locked": false,
            "memory": 1024,
            "monitoring": false,
            "name": "nginx",
            "price_hourly": 0.00893,
            "price_monthly": 6,
            "private_networking": true,
            "region": "sgp1",
            "resize_disk": true,
            "size": "s-1vcpu-1gb",
            "ssh_keys": [
              "28:42:f1:d4:fa:3d:c8:a3:5e:b1:3b:04:c9:c9:20:0b"
            ],
            "status": "active",
            "tags": null,
            "timeouts": null,
            "urn": "do:droplet:346869581",
            "user_data": null,
            "vcpus": 1,
            "volume_ids": [],
            "vpc_uuid": "bd05aa18-6f94-4849-b3fe-2f9ad62d0dc4"
          },
          "sensitive_attributes": [],
          "private": "eyJlMmJmYjczMC1lY2FhLTExZTYtOGY4OC0zNDM2M2JjN2M0YzAiOnsiY3JlYXRlIjozNjAwMDAwMDAwMDAwLCJkZWxldGUiOjYwMDAwMDAwMDAwLCJ1cGRhdGUiOjM2MDAwMDAwMDAwMDB9LCJzY2hlbWFfdmVyc2lvbiI6IjEifQ==",
          "dependencies": [
            "digitalocean_ssh_key.aipc_nginx_pub",
            "local_file.nginx_conf"
          ]
        }
      ]
    },
    {
      "mode": "managed",
      "type": "digitalocean_ssh_key",
      "name": "aipc_nginx_pub",
      "provider": "provider[\"registry.terraform.io/digitalocean/digitalocean\"]",
      "instances": [
        {
          "schema_version": 0,
          "attributes": {
            "fingerprint": "28:42:f1:d4:fa:3d:c8:a3:5e:b1:3b:04:c9:c9:20:0b",
            "id": "37852866",
            "name": "nginx pub key",
            "public_key": "ssh-rsa AAAAB3NzaC1yc2EAAAADAQABAAACAQC1pkvxFYNsYGKUSHOUWmwDJiW2Cx7vWCaAi4UiJxAaAv6vQIK+BXJqVdXkKgpM6a7Jh8QVZsMqLkUtN2lrpl4KnpHfPxkSVMssrhOTaVPgKxPZSxzRE2re5XACP4MKqYanNsyqr2o9lSu7/ACNhuxavZR1aKDuoHiyalE2XLQ5dO1U8pzsey2vinK9PistZOBotqHuiU52FqCuMKZ97ppvBcIqIenyHL91sqw8ASxlNG6Rtmik0UnOOkxwmE6YwZq3hx3NnIUFkG0QpoHJXGdW9wNgLtDadPF2tANcC9aFqOrlbW4AT9e8ekiiXIErmgXGBTrkHG29wIRSPiwwxwTRZdBewYuhejbq+ZAypMqcLJ0u3E7Lcq0q+afKORxfIMnRWpMoL+bYiDUY73eno2ANLRLst+s0xtkBuCYKgp8l/RGvSyHbtuGDzpEL1g2XuhKkxEibKmLYlgHNZDrkxbO5diwmFnfgIVAJpPsmibjkYxOklCLPO6uVz2o7Fis8Zq9wxOg7ec03cg9/SYoJvAU/5zZNMldIIm/ukPW0kAxRCK6A8tbTzqWN7gjMUkDFw50t5Dp8gqh4MTsrJHjmk3MTE3os7lMXgNt8GmFOyAdYUfyTVqD5AOzGUzhMXrD9Lm8coIUHdhUX0NUl/jkHrssi11dDNaa2u6x2n9+/CCAQBQ== qingen@qe-low-2L414"
          },
          "sensitive_attributes": [
            [
              {
                "type": "get_attr",
                "value": "public_key"
              }
            ]
          ],
          "private": "bnVsbA=="
        }
      ]
    },
    {
      "mode": "managed",
      "type": "docker_container",
      "name": "backend_ws1",
      "provider": "provider[\"registry.terraform.io/kreuzwerker/docker\"]",
      "instances": [
        {
          "index_key": 0,
          "schema_version": 2,
          "attributes": {
            "attach": false,
            "bridge": "",
            "capabilities": [],
            "cgroupns_mode": null,
            "command": [],
            "container_logs": null,
            "container_read_refresh_timeout_milliseconds": 15000,
            "cpu_set": "",
            "cpu_shares": 0,
            "destroy_grace_seconds": null,
            "devices": [],
            "dns": [],
            "dns_opts": [],
            "dns_search": [],
            "domainname": "",
            "entrypoint": [
              "node",
              "dist/backend/src/main"
            ],
            "env": [
              "BGG_DB_HOST=database_workshop01",
              "BGG_DB_PASSWORD=changeit",
              "BGG_DB_USER=root"
            ],
            "exit_code": null,
            "gpus": null,
            "group_add": [],
            "healthcheck": [
              {
                "interval": "1m0s",
                "retries": 3,
                "start_period": "5s",
                "test": [
                  "CMD-SHELL",
                  "curl -f localhost:$PORT/healthz || exit 1"
                ],
                "timeout": "3s"
              }
            ],
            "host": [],
            "hostname": "dc011e939f2f",
            "id": "dc011e939f2fe3d0d855fbd0a82e0d4fdfb0307d80e77c307743e05a803583b6",
            "image": "sha256:1dc75c72b413dadfaef29157330642b3ac00daafd83b51e2f2e6a8a202e13183",
            "init": false,
            "ipc_mode": "private",
            "labels": [],
            "log_driver": "json-file",
            "log_opts": {},
            "logs": false,
            "max_retry_count": 0,
            "memory": 0,
            "memory_swap": 0,
            "mounts": [],
            "must_run": true,
            "name": "backend_workshop01_0",
            "network_data": [
              {
                "gateway": "172.23.0.1",
                "global_ipv6_address": "",
                "global_ipv6_prefix_length": 0,
                "ip_address": "172.23.0.5",
                "ip_prefix_length": 16,
                "ipv6_gateway": "",
                "mac_address": "02:42:ac:17:00:05",
                "network_name": "network_workshop01"
              }
            ],
            "network_mode": "default",
            "networks_advanced": [
              {
                "aliases": [],
                "ipv4_address": "",
                "ipv6_address": "",
                "name": "network_workshop01"
              }
            ],
            "pid_mode": "",
            "ports": [
              {
                "external": 49164,
                "internal": 3000,
                "ip": "0.0.0.0",
                "protocol": "tcp"
              }
            ],
            "privileged": false,
            "publish_all_ports": false,
            "read_only": false,
            "remove_volumes": true,
            "restart": "no",
            "rm": false,
            "runtime": "runc",
            "security_opts": [],
            "shm_size": 64,
            "start": true,
            "stdin_open": false,
            "stop_signal": "",
            "stop_timeout": 0,
            "storage_opts": {},
            "sysctls": {},
            "tmpfs": {},
            "tty": false,
            "ulimit": [],
            "upload": [],
            "user": "",
            "userns_mode": "",
            "volumes": [],
            "wait": false,
            "wait_timeout": 60,
            "working_dir": "/app"
          },
          "sensitive_attributes": [
            [
              {
                "type": "get_attr",
                "value": "env"
              }
            ]
          ],
          "private": "eyJzY2hlbWFfdmVyc2lvbiI6IjIifQ==",
          "dependencies": [
            "docker_container.database_mysql_ws1",
            "docker_image.backend_ws1_v3",
            "docker_image.image_mysql",
            "docker_network.network_ws1",
            "docker_volume.volume_database_ws1"
          ]
        },
        {
          "index_key": 1,
          "schema_version": 2,
          "attributes": {
            "attach": false,
            "bridge": "",
            "capabilities": [],
            "cgroupns_mode": null,
            "command": [],
            "container_logs": null,
            "container_read_refresh_timeout_milliseconds": 15000,
            "cpu_set": "",
            "cpu_shares": 0,
            "destroy_grace_seconds": null,
            "devices": [],
            "dns": [],
            "dns_opts": [],
            "dns_search": [],
            "domainname": "",
            "entrypoint": [
              "node",
              "dist/backend/src/main"
            ],
            "env": [
              "BGG_DB_HOST=database_workshop01",
              "BGG_DB_PASSWORD=changeit",
              "BGG_DB_USER=root"
            ],
            "exit_code": null,
            "gpus": null,
            "group_add": [],
            "healthcheck": [
              {
                "interval": "1m0s",
                "retries": 3,
                "start_period": "5s",
                "test": [
                  "CMD-SHELL",
                  "curl -f localhost:$PORT/healthz || exit 1"
                ],
                "timeout": "3s"
              }
            ],
            "host": [],
            "hostname": "c0536a44f2bb",
            "id": "c0536a44f2bb60d803102b467b175e91a59c004de14b902fd4c0c637abcea7f7",
            "image": "sha256:1dc75c72b413dadfaef29157330642b3ac00daafd83b51e2f2e6a8a202e13183",
            "init": false,
            "ipc_mode": "private",
            "labels": [],
            "log_driver": "json-file",
            "log_opts": {},
            "logs": false,
            "max_retry_count": 0,
            "memory": 0,
            "memory_swap": 0,
            "mounts": [],
            "must_run": true,
            "name": "backend_workshop01_1",
            "network_data": [
              {
                "gateway": "172.23.0.1",
                "global_ipv6_address": "",
                "global_ipv6_prefix_length": 0,
                "ip_address": "172.23.0.4",
                "ip_prefix_length": 16,
                "ipv6_gateway": "",
                "mac_address": "02:42:ac:17:00:04",
                "network_name": "network_workshop01"
              }
            ],
            "network_mode": "default",
            "networks_advanced": [
              {
                "aliases": [],
                "ipv4_address": "",
                "ipv6_address": "",
                "name": "network_workshop01"
              }
            ],
            "pid_mode": "",
            "ports": [
              {
                "external": 49163,
                "internal": 3000,
                "ip": "0.0.0.0",
                "protocol": "tcp"
              }
            ],
            "privileged": false,
            "publish_all_ports": false,
            "read_only": false,
            "remove_volumes": true,
            "restart": "no",
            "rm": false,
            "runtime": "runc",
            "security_opts": [],
            "shm_size": 64,
            "start": true,
            "stdin_open": false,
            "stop_signal": "",
            "stop_timeout": 0,
            "storage_opts": {},
            "sysctls": {},
            "tmpfs": {},
            "tty": false,
            "ulimit": [],
            "upload": [],
            "user": "",
            "userns_mode": "",
            "volumes": [],
            "wait": false,
            "wait_timeout": 60,
            "working_dir": "/app"
          },
          "sensitive_attributes": [
            [
              {
                "type": "get_attr",
                "value": "env"
              }
            ]
          ],
          "private": "eyJzY2hlbWFfdmVyc2lvbiI6IjIifQ==",
          "dependencies": [
            "docker_container.database_mysql_ws1",
            "docker_image.backend_ws1_v3",
            "docker_image.image_mysql",
            "docker_network.network_ws1",
            "docker_volume.volume_database_ws1"
          ]
        },
        {
          "index_key": 2,
          "schema_version": 2,
          "attributes": {
            "attach": false,
            "bridge": "",
            "capabilities": [],
            "cgroupns_mode": null,
            "command": [],
            "container_logs": null,
            "container_read_refresh_timeout_milliseconds": 15000,
            "cpu_set": "",
            "cpu_shares": 0,
            "destroy_grace_seconds": null,
            "devices": [],
            "dns": [],
            "dns_opts": [],
            "dns_search": [],
            "domainname": "",
            "entrypoint": [
              "node",
              "dist/backend/src/main"
            ],
            "env": [
              "BGG_DB_HOST=database_workshop01",
              "BGG_DB_PASSWORD=changeit",
              "BGG_DB_USER=root"
            ],
            "exit_code": null,
            "gpus": null,
            "group_add": [],
            "healthcheck": [
              {
                "interval": "1m0s",
                "retries": 3,
                "start_period": "5s",
                "test": [
                  "CMD-SHELL",
                  "curl -f localhost:$PORT/healthz || exit 1"
                ],
                "timeout": "3s"
              }
            ],
            "host": [],
            "hostname": "ba8f9d2f0d01",
            "id": "ba8f9d2f0d016794997da43bc0cf8718f4c662261475427996c1ec15c8466e5a",
            "image": "sha256:1dc75c72b413dadfaef29157330642b3ac00daafd83b51e2f2e6a8a202e13183",
            "init": false,
            "ipc_mode": "private",
            "labels": [],
            "log_driver": "json-file",
            "log_opts": {},
            "logs": false,
            "max_retry_count": 0,
            "memory": 0,
            "memory_swap": 0,
            "mounts": [],
            "must_run": true,
            "name": "backend_workshop01_2",
            "network_data": [
              {
                "gateway": "172.23.0.1",
                "global_ipv6_address": "",
                "global_ipv6_prefix_length": 0,
                "ip_address": "172.23.0.3",
                "ip_prefix_length": 16,
                "ipv6_gateway": "",
                "mac_address": "02:42:ac:17:00:03",
                "network_name": "network_workshop01"
              }
            ],
            "network_mode": "default",
            "networks_advanced": [
              {
                "aliases": [],
                "ipv4_address": "",
                "ipv6_address": "",
                "name": "network_workshop01"
              }
            ],
            "pid_mode": "",
            "ports": [
              {
                "external": 49162,
                "internal": 3000,
                "ip": "0.0.0.0",
                "protocol": "tcp"
              }
            ],
            "privileged": false,
            "publish_all_ports": false,
            "read_only": false,
            "remove_volumes": true,
            "restart": "no",
            "rm": false,
            "runtime": "runc",
            "security_opts": [],
            "shm_size": 64,
            "start": true,
            "stdin_open": false,
            "stop_signal": "",
            "stop_timeout": 0,
            "storage_opts": {},
            "sysctls": {},
            "tmpfs": {},
            "tty": false,
            "ulimit": [],
            "upload": [],
            "user": "",
            "userns_mode": "",
            "volumes": [],
            "wait": false,
            "wait_timeout": 60,
            "working_dir": "/app"
          },
          "sensitive_attributes": [
            [
              {
                "type": "get_attr",
                "value": "env"
              }
            ]
          ],
          "private": "eyJzY2hlbWFfdmVyc2lvbiI6IjIifQ==",
          "dependencies": [
            "docker_container.database_mysql_ws1",
            "docker_image.backend_ws1_v3",
            "docker_image.image_mysql",
            "docker_network.network_ws1",
            "docker_volume.volume_database_ws1"
          ]
        }
      ]
    },
    {
      "mode": "managed",
      "type": "docker_container",
      "name": "database_mysql_ws1",
      "provider": "provider[\"registry.terraform.io/kreuzwerker/docker\"]",
      "instances": [
        {
          "schema_version": 2,
          "attributes": {
            "attach": false,
            "bridge": "",
            "capabilities": [],
            "cgroupns_mode": null,
            "command": [
              "mysqld"
            ],
            "container_logs": null,
            "container_read_refresh_timeout_milliseconds": 15000,
            "cpu_set": "",
            "cpu_shares": 0,
            "destroy_grace_seconds": null,
            "devices": [],
            "dns": [],
            "dns_opts": [],
            "dns_search": [],
            "domainname": "",
            "entrypoint": [
              "docker-entrypoint.sh"
            ],
            "env": [],
            "exit_code": null,
            "gpus": null,
            "group_add": [],
            "healthcheck": [
              {
                "interval": "1m0s",
                "retries": 3,
                "start_period": "5s",
                "test": [
                  "CMD-SHELL",
                  "mysqladmin ping -uroot -p${MYSQL_ROOT_PASSWORD} || exit 1"
                ],
                "timeout": "3s"
              }
            ],
            "host": [],
            "hostname": "686d1e3cf8f3",
            "id": "686d1e3cf8f3bbd07b7e29f7aef7d7f538011d5a6843cc39fd8a6e5198f0dd49",
            "image": "sha256:2dc18f22acfcf47b190382cd04038628fd5da2ca086ade3721b50d2b88d6796a",
            "init": false,
            "ipc_mode": "private",
            "labels": [],
            "log_driver": "json-file",
            "log_opts": {},
            "logs": false,
            "max_retry_count": 0,
            "memory": 0,
            "memory_swap": 0,
            "mounts": [],
            "must_run": true,
            "name": "database_workshop01",
            "network_data": [
              {
                "gateway": "172.23.0.1",
                "global_ipv6_address": "",
                "global_ipv6_prefix_length": 0,
                "ip_address": "172.23.0.2",
                "ip_prefix_length": 16,
                "ipv6_gateway": "",
                "mac_address": "02:42:ac:17:00:02",
                "network_name": "network_workshop01"
              }
            ],
            "network_mode": "default",
            "networks_advanced": [
              {
                "aliases": [],
                "ipv4_address": "",
                "ipv6_address": "",
                "name": "network_workshop01"
              }
            ],
            "pid_mode": "",
            "ports": [
              {
                "external": 3306,
                "internal": 3306,
                "ip": "0.0.0.0",
                "protocol": "tcp"
              }
            ],
            "privileged": false,
            "publish_all_ports": false,
            "read_only": false,
            "remove_volumes": true,
            "restart": "no",
            "rm": false,
            "runtime": "runc",
            "security_opts": [],
            "shm_size": 64,
            "start": true,
            "stdin_open": false,
            "stop_signal": "",
            "stop_timeout": 0,
            "storage_opts": {},
            "sysctls": {},
            "tmpfs": {},
            "tty": false,
            "ulimit": [],
            "upload": [],
            "user": "",
            "userns_mode": "",
            "volumes": [
              {
                "container_path": "/var/lib/mysql",
                "from_container": "",
                "host_path": "",
                "read_only": false,
                "volume_name": "volume_database_workshop01"
              }
            ],
            "wait": false,
            "wait_timeout": 60,
            "working_dir": ""
          },
          "sensitive_attributes": [],
          "private": "eyJzY2hlbWFfdmVyc2lvbiI6IjIifQ==",
          "dependencies": [
            "docker_image.image_mysql",
            "docker_network.network_ws1",
            "docker_volume.volume_database_ws1"
          ]
        }
      ]
    },
    {
      "mode": "managed",
      "type": "docker_image",
      "name": "backend_ws1_v3",
      "provider": "provider[\"registry.terraform.io/kreuzwerker/docker\"]",
      "instances": [
        {
          "schema_version": 0,
          "attributes": {
            "build": [],
            "force_remove": null,
            "id": "sha256:1dc75c72b413dadfaef29157330642b3ac00daafd83b51e2f2e6a8a202e13183chukmunnlee/bgg-backend:v3",
            "image_id": "sha256:1dc75c72b413dadfaef29157330642b3ac00daafd83b51e2f2e6a8a202e13183",
            "keep_locally": null,
            "name": "chukmunnlee/bgg-backend:v3",
            "platform": null,
            "pull_triggers": null,
            "repo_digest": "chukmunnlee/bgg-backend@sha256:772d16b8d529df43beebd82f73092157badf4dc9f0ba70f241fe8d63c7f77586",
            "triggers": null
          },
          "sensitive_attributes": [],
          "private": "bnVsbA=="
        }
      ]
    },
    {
      "mode": "managed",
      "type": "docker_image",
      "name": "image_mysql",
      "provider": "provider[\"registry.terraform.io/kreuzwerker/docker\"]",
      "instances": [
        {
          "schema_version": 0,
          "attributes": {
            "build": [],
            "force_remove": null,
            "id": "sha256:2dc18f22acfcf47b190382cd04038628fd5da2ca086ade3721b50d2b88d6796achukmunnlee/bgg-database:v3.1",
            "image_id": "sha256:2dc18f22acfcf47b190382cd04038628fd5da2ca086ade3721b50d2b88d6796a",
            "keep_locally": null,
            "name": "chukmunnlee/bgg-database:v3.1",
            "platform": null,
            "pull_triggers": null,
            "repo_digest": "chukmunnlee/bgg-database@sha256:c1794bf915f54ccbea366aac3c5471e8ce544fd885f1618b598a2085240eb213",
            "triggers": null
          },
          "sensitive_attributes": [],
          "private": "bnVsbA=="
        }
      ]
    },
    {
      "mode": "managed",
      "type": "docker_network",
      "name": "network_ws1",
      "provider": "provider[\"registry.terraform.io/kreuzwerker/docker\"]",
      "instances": [
        {
          "schema_version": 1,
          "attributes": {
            "attachable": false,
            "check_duplicate": null,
            "driver": "bridge",
            "id": "14238e5f43630c5d53e9520b8ccc51858bf20f2adce410c13812c2d456ab0a8f",
            "ingress": false,
            "internal": false,
            "ipam_config": [
              {
                "aux_address": {},
                "gateway": "172.23.0.1",
                "ip_range": "",
                "subnet": "172.23.0.0/16"
              }
            ],
            "ipam_driver": "default",
            "ipam_options": {},
            "ipv6": false,
            "labels": [],
            "name": "network_workshop01",
            "options": {},
            "scope": "local"
          },
          "sensitive_attributes": [],
          "private": "eyJzY2hlbWFfdmVyc2lvbiI6IjEifQ=="
        }
      ]
    },
    {
      "mode": "managed",
      "type": "docker_volume",
      "name": "volume_database_ws1",
      "provider": "provider[\"registry.terraform.io/kreuzwerker/docker\"]",
      "instances": [
        {
          "schema_version": 1,
          "attributes": {
            "driver": "local",
            "driver_opts": {},
            "id": "volume_database_workshop01",
            "labels": [],
            "mountpoint": "/var/lib/docker/volumes/volume_database_workshop01/_data",
            "name": "volume_database_workshop01"
          },
          "sensitive_attributes": [],
          "private": "eyJzY2hlbWFfdmVyc2lvbiI6IjEifQ=="
        }
      ]
    },
    {
      "mode": "managed",
      "type": "local_file",
      "name": "nginx_conf",
      "provider": "provider[\"registry.terraform.io/hashicorp/local\"]",
      "instances": [
        {
          "schema_version": 0,
          "attributes": {
            "content": "user www-data;\nworker_processes auto;\npid /run/nginx.pid;\nevents {\n    worker_connections 768;\n}\nhttp {\n    access_log /var/log/nginx/access.log;\n    error_log /var/log/nginx/error.log;\n    gzip on;\n    upstream apps {\n        least_conn;\n        # the following list the container endpoints\n        # one server line for each endpoint\n        # eg server \u003cdocker_host_ip\u003e:\u003cexposed_port\u003e;\n\n        server 188.166.246.113:49164;\n        server 188.166.246.113:49163;\n        server 188.166.246.113:49162;\n    }\n    server {\n        listen 80;\n        location / {\n            proxy_pass http://apps;\n        }\n    }\n}\n",
            "content_base64": null,
            "content_base64sha256": "bQ2ID8xVR9h0eGczjVgpES505oQYD+zglYuODh/FER8=",
            "content_base64sha512": "9yPi1L6JEN5/HIXQ1vb/ZtUT7yveC5VHKYEdfQa9kd5yW2qAajc75dHfHNI7y9IUm1Y/syWJ2qmCyXpjAWGmGw==",
            "content_md5": "eca48c8b1808312fde310f1e47edf41e",
            "content_sha1": "331d2d2aea0a235372a6d75f1900e0ae1d840a48",
            "content_sha256": "6d0d880fcc5547d8747867338d5829112e74e684180fece0958b8e0e1fc5111f",
            "content_sha512": "f723e2d4be8910de7f1c85d0d6f6ff66d513ef2bde0b954729811d7d06bd91de725b6a806a373be5d1df1cd23bcbd2149b563fb32589daa982c97a630161a61b",
            "directory_permission": "0777",
            "file_permission": "0777",
            "filename": "nginx.conf",
            "id": "331d2d2aea0a235372a6d75f1900e0ae1d840a48",
            "sensitive_content": null,
            "source": null
          },
          "sensitive_attributes": [
            [
              {
                "type": "get_attr",
                "value": "content"
              }
            ]
          ],
          "dependencies": [
            "docker_container.backend_ws1",
            "docker_container.database_mysql_ws1",
            "docker_image.backend_ws1_v3",
            "docker_image.image_mysql",
            "docker_network.network_ws1",
            "docker_volume.volume_database_ws1"
          ]
        }
      ]
    }
  ]
}
