{
  "version": 4,
  "terraform_version": "0.14.8",
  "serial": 39,
  "lineage": "52346266-6d57-270a-f5f1-8ab067cf5f34",
  "outputs": {},
  "resources": [
    {
      "mode": "managed",
      "type": "docker_container",
      "name": "database_mysql_ws1",
      "provider": "provider[\"registry.terraform.io/kreuzwerker/docker\"]",
      "instances": [
        {
          "schema_version": 2,
          "attributes": {
            "attach": false,
            "bridge": "",
            "capabilities": [],
            "cgroupns_mode": null,
            "command": [
              "mysqld"
            ],
            "container_logs": null,
            "container_read_refresh_timeout_milliseconds": 15000,
            "cpu_set": "",
            "cpu_shares": 0,
            "destroy_grace_seconds": null,
            "devices": [],
            "dns": [],
            "dns_opts": [],
            "dns_search": [],
            "domainname": "",
            "entrypoint": [
              "docker-entrypoint.sh"
            ],
            "env": [],
            "exit_code": null,
            "gpus": null,
            "group_add": [],
            "healthcheck": [
              {
                "interval": "1m0s",
                "retries": 3,
                "start_period": "5s",
                "test": [
                  "CMD-SHELL",
                  "mysqladmin ping -uroot -p${MYSQL_ROOT_PASSWORD} || exit 1"
                ],
                "timeout": "3s"
              }
            ],
            "host": [],
            "hostname": "3fa8502eb00c",
            "id": "3fa8502eb00ca66b46fe5ebd74bfd974b710b2ca0ef09b8f19be554e7f62a551",
            "image": "sha256:2dc18f22acfcf47b190382cd04038628fd5da2ca086ade3721b50d2b88d6796a",
            "init": false,
            "ipc_mode": "private",
            "labels": [],
            "log_driver": "json-file",
            "log_opts": {},
            "logs": false,
            "max_retry_count": 0,
            "memory": 0,
            "memory_swap": 0,
            "mounts": [],
            "must_run": true,
            "name": "database_workshop01",
            "network_data": [
              {
                "gateway": "172.19.0.1",
                "global_ipv6_address": "",
                "global_ipv6_prefix_length": 0,
                "ip_address": "172.19.0.2",
                "ip_prefix_length": 16,
                "ipv6_gateway": "",
                "mac_address": "02:42:ac:13:00:02",
                "network_name": "network_workshop01"
              }
            ],
            "network_mode": "default",
            "networks_advanced": [
              {
                "aliases": [],
                "ipv4_address": "",
                "ipv6_address": "",
                "name": "network_workshop01"
              }
            ],
            "pid_mode": "",
            "ports": [
              {
                "external": 3306,
                "internal": 3306,
                "ip": "0.0.0.0",
                "protocol": "tcp"
              }
            ],
            "privileged": false,
            "publish_all_ports": false,
            "read_only": false,
            "remove_volumes": true,
            "restart": "no",
            "rm": false,
            "runtime": "runc",
            "security_opts": [],
            "shm_size": 64,
            "start": true,
            "stdin_open": false,
            "stop_signal": "",
            "stop_timeout": 0,
            "storage_opts": {},
            "sysctls": {},
            "tmpfs": {},
            "tty": false,
            "ulimit": [],
            "upload": [],
            "user": "",
            "userns_mode": "",
            "volumes": [
              {
                "container_path": "/var/lib/mysql",
                "from_container": "",
                "host_path": "",
                "read_only": false,
                "volume_name": "volume_database_workshop01"
              }
            ],
            "wait": false,
            "wait_timeout": 60,
            "working_dir": ""
          },
          "sensitive_attributes": []
        }
      ]
    },
    {
      "mode": "managed",
      "type": "docker_image",
      "name": "image_mysql",
      "provider": "provider[\"registry.terraform.io/kreuzwerker/docker\"]",
      "instances": [
        {
          "schema_version": 0,
          "attributes": {
            "build": [],
            "force_remove": null,
            "id": "sha256:2dc18f22acfcf47b190382cd04038628fd5da2ca086ade3721b50d2b88d6796achukmunnlee/bgg-database:v3.1",
            "image_id": "sha256:2dc18f22acfcf47b190382cd04038628fd5da2ca086ade3721b50d2b88d6796a",
            "keep_locally": null,
            "name": "chukmunnlee/bgg-database:v3.1",
            "platform": null,
            "pull_triggers": null,
            "repo_digest": "chukmunnlee/bgg-database@sha256:c1794bf915f54ccbea366aac3c5471e8ce544fd885f1618b598a2085240eb213",
            "triggers": null
          },
          "sensitive_attributes": [],
          "private": "bnVsbA=="
        }
      ]
    },
    {
      "mode": "managed",
      "type": "docker_network",
      "name": "network_ws1",
      "provider": "provider[\"registry.terraform.io/kreuzwerker/docker\"]",
      "instances": [
        {
          "schema_version": 1,
          "attributes": {
            "attachable": false,
            "check_duplicate": null,
            "driver": "bridge",
            "id": "c39a187026cc80a6b42544c9dd8f74678498ec7c07db6172dd87527e5c761b4b",
            "ingress": false,
            "internal": false,
            "ipam_config": [
              {
                "aux_address": {},
                "gateway": "172.19.0.1",
                "ip_range": "",
                "subnet": "172.19.0.0/16"
              }
            ],
            "ipam_driver": "default",
            "ipam_options": {},
            "ipv6": false,
            "labels": [],
            "name": "network_workshop01",
            "options": {},
            "scope": "local"
          },
          "sensitive_attributes": [],
          "private": "eyJzY2hlbWFfdmVyc2lvbiI6IjEifQ=="
        }
      ]
    },
    {
      "mode": "managed",
      "type": "docker_volume",
      "name": "volume_database_ws1",
      "provider": "provider[\"registry.terraform.io/kreuzwerker/docker\"]",
      "instances": [
        {
          "schema_version": 1,
          "attributes": {
            "driver": "local",
            "driver_opts": {},
            "id": "volume_database_workshop01",
            "labels": [],
            "mountpoint": "/var/lib/docker/volumes/volume_database_workshop01/_data",
            "name": "volume_database_workshop01"
          },
          "sensitive_attributes": [],
          "private": "eyJzY2hlbWFfdmVyc2lvbiI6IjEifQ=="
        }
      ]
    }
  ]
}
