{
  "version": 4,
  "terraform_version": "0.14.8",
  "serial": 21,
  "lineage": "7288b1cf-c1b0-5d89-bc29-0866a4135625",
  "outputs": {
    "testing": {
      "value": [
        "19:4b:cc:be:0c:8b:af:b8:3c:25:64:91:35:4f:8e:e9"
      ],
      "type": [
        "set",
        "string"
      ]
    }
  },
  "resources": [
    {
      "mode": "managed",
      "type": "digitalocean_droplet",
      "name": "server_workshop02",
      "provider": "provider[\"registry.terraform.io/digitalocean/digitalocean\"]",
      "instances": [
        {
          "schema_version": 1,
          "attributes": {
            "backups": false,
            "created_at": "2023-03-23T05:41:15Z",
            "disk": 50,
            "droplet_agent": null,
            "graceful_shutdown": false,
            "id": "346898804",
            "image": "ubuntu-20-04-x64",
            "ipv4_address": "157.245.204.158",
            "ipv4_address_private": "10.104.0.4",
            "ipv6": false,
            "ipv6_address": "",
            "locked": false,
            "memory": 2048,
            "monitoring": false,
            "name": "server-workshop02",
            "price_hourly": 0.01786,
            "price_monthly": 12,
            "private_networking": true,
            "region": "sgp1",
            "resize_disk": true,
            "size": "s-1vcpu-2gb",
            "ssh_keys": [
              "19:4b:cc:be:0c:8b:af:b8:3c:25:64:91:35:4f:8e:e9"
            ],
            "status": "active",
            "tags": [],
            "timeouts": null,
            "urn": "do:droplet:346898804",
            "user_data": null,
            "vcpus": 1,
            "volume_ids": [],
            "vpc_uuid": "bd05aa18-6f94-4849-b3fe-2f9ad62d0dc4"
          },
          "sensitive_attributes": [],
          "private": "eyJlMmJmYjczMC1lY2FhLTExZTYtOGY4OC0zNDM2M2JjN2M0YzAiOnsiY3JlYXRlIjozNjAwMDAwMDAwMDAwLCJkZWxldGUiOjYwMDAwMDAwMDAwLCJ1cGRhdGUiOjM2MDAwMDAwMDAwMDB9LCJzY2hlbWFfdmVyc2lvbiI6IjEifQ==",
          "dependencies": [
            "digitalocean_ssh_key.ws2_pub_key"
          ]
        }
      ]
    },
    {
      "mode": "managed",
      "type": "digitalocean_ssh_key",
      "name": "ws2_pub_key",
      "provider": "provider[\"registry.terraform.io/digitalocean/digitalocean\"]",
      "instances": [
        {
          "schema_version": 0,
          "attributes": {
            "fingerprint": "19:4b:cc:be:0c:8b:af:b8:3c:25:64:91:35:4f:8e:e9",
            "id": "37854093",
            "name": "workshop02 pub key",
            "public_key": "ssh-rsa AAAAB3NzaC1yc2EAAAADAQABAAACAQC5NK/3qKU2eNmdggL1oG1Rs+otRCsmGmrRn4mXkD0F5gXc+n+Zmr/KQ91SvHQB8FFwwRH3LMkmNQWZ9R6oqf8hKg5bdEuYM3OePSlW4ya/2QNgBkeAowu/APBqhtyyXiGyNVXbczlD7elkg0Dh4AUnAaqLNGgOKFPm7biAcKmpmKJc+9+e3hAZHBQcZfPOrsRBiRtfrcMs1X4gxS2YYEHoWLB+7I1mzEonGUQ92owh3V0OInRJbeo6abom/MHaiuF8zhpg9fFlE2hJP227uihFRVDRZyX0XZg+qzcjF6OCPxA/kTQ2yOP7VmJuad+sUoRjzGjvMFEHILLSBSfF8kMBTMN1KFm8mf7+nRH5oz6gQpODwVaosYI2pWDTdB6A9HmAjywpUYQbeK7XWdlajP2s9FumLP8UWNjl8Qv9pZ5FqCQM7KWtBkMsgij1HlNY6l/MFhuP9XcNtrudRlD+divHvbDytDAoJSIzo4L0qFCi/o1/ogCnq8fYhKCipCZUDKWdjzQuanfvd31vnFCLOlCfXfS1sRL6Erts43Yw+/jAQUKb6gPn9v8cL4GRl8iVrw4Fq+x/grjIU/3dU3R9hOB9aDtBPsRsrAs/YaNLG6XKaHcMDxePrEXcJsx+I/dmHbS7jsFUCGVmVtqqiR+G8joSjcLF+5CxgA/whp/cgO06ww== qingen@qe-low-2L414\n"
          },
          "sensitive_attributes": [
            [
              {
                "type": "get_attr",
                "value": "public_key"
              }
            ]
          ],
          "private": "bnVsbA=="
        }
      ]
    },
    {
      "mode": "managed",
      "type": "local_file",
      "name": "server_inventory",
      "provider": "provider[\"registry.terraform.io/hashicorp/local\"]",
      "instances": [
        {
          "schema_version": 0,
          "attributes": {
            "content": "all:\n  vars:\n    ansible_connection: ssh\n    ansible_user: root\n    ansible_ssh_private_key_file: ~/.ssh/aipc_ws2\n  hosts:\n    codeserver:\n      ansible_host: 157.245.204.158\n      codeserver_domain: code-server-157.245.204.158\n      codeserver_password: abc123",
            "content_base64": null,
            "content_base64sha256": "Uab3Bj0c2JTy4qBHBAKGVe8V4+OAZfdoKx4Gx9zmVNA=",
            "content_base64sha512": "AoMre2XwmL1VWe5o+5KhLLMtfxei2yRL9Iz+Ge2PMuBL2zOR+caBSarVbI+ke22kIVUHbCFW1ALIfnrPCaJWPw==",
            "content_md5": "8b72ba25ab048bb031391a63f7d150b1",
            "content_sha1": "c347596adccb72b8907747e5054018e5b74e8fb3",
            "content_sha256": "51a6f7063d1cd894f2e2a04704028655ef15e3e38065f7682b1e06c7dce654d0",
            "content_sha512": "02832b7b65f098bd5559ee68fb92a12cb32d7f17a2db244bf48cfe19ed8f32e04bdb3391f9c68149aad56c8fa47b6da42155076c2156d402c87e7acf09a2563f",
            "directory_permission": "0777",
            "file_permission": "0777",
            "filename": "inventory.yaml",
            "id": "c347596adccb72b8907747e5054018e5b74e8fb3",
            "sensitive_content": null,
            "source": null
          },
          "sensitive_attributes": [
            [
              {
                "type": "get_attr",
                "value": "content"
              }
            ]
          ],
          "dependencies": [
            "digitalocean_droplet.server_workshop02"
          ]
        }
      ]
    },
    {
      "mode": "managed",
      "type": "local_file",
      "name": "server_inventory_env_file",
      "provider": "provider[\"registry.terraform.io/hashicorp/local\"]",
      "instances": [
        {
          "schema_version": 0,
          "attributes": {
            "content": "codeserver_secret_password: abc123",
            "content_base64": null,
            "content_base64sha256": "cXgzft4bPhAXw0SN8CMaS/F0vRw4MewnBmXtYONmEeg=",
            "content_base64sha512": "U/1QABJlczt1vPmv+IxjO0+Vrqs+mTsc7km75z7V2fowpy7mt7ehvJe8aBMdrKE6y8+8FmVdvugi+Uj37yuAgQ==",
            "content_md5": "c7f82f16b8b9a7bce92c38afdffdb6bd",
            "content_sha1": "55882f2519271d8e1716972eb59ba44b40c8c22d",
            "content_sha256": "7178337ede1b3e1017c3448df0231a4bf174bd1c3831ec270665ed60e36611e8",
            "content_sha512": "53fd50001265733b75bcf9aff88c633b4f95aeab3e993b1cee49bbe73ed5d9fa30a72ee6b7b7a1bc97bc68131daca13acbcfbc16655dbee822f948f7ef2b8081",
            "directory_permission": "0777",
            "file_permission": "0777",
            "filename": "vars/main.yml",
            "id": "55882f2519271d8e1716972eb59ba44b40c8c22d",
            "sensitive_content": null,
            "source": null
          },
          "sensitive_attributes": [
            [
              {
                "type": "get_attr",
                "value": "content"
              }
            ]
          ]
        }
      ]
    }
  ]
}
