{
  "version": 4,
  "terraform_version": "0.14.8",
  "serial": 13,
  "lineage": "7288b1cf-c1b0-5d89-bc29-0866a4135625",
  "outputs": {
    "testing": {
      "value": [
        "19:4b:cc:be:0c:8b:af:b8:3c:25:64:91:35:4f:8e:e9"
      ],
      "type": [
        "set",
        "string"
      ]
    }
  },
  "resources": [
    {
      "mode": "managed",
      "type": "digitalocean_droplet",
      "name": "server_workshop02",
      "provider": "provider[\"registry.terraform.io/digitalocean/digitalocean\"]",
      "instances": [
        {
          "schema_version": 1,
          "attributes": {
            "backups": false,
            "created_at": "2023-03-23T05:41:15Z",
            "disk": 50,
            "droplet_agent": null,
            "graceful_shutdown": false,
            "id": "346898804",
            "image": "ubuntu-20-04-x64",
            "ipv4_address": "157.245.204.158",
            "ipv4_address_private": "10.104.0.4",
            "ipv6": false,
            "ipv6_address": "",
            "locked": false,
            "memory": 2048,
            "monitoring": false,
            "name": "server-workshop02",
            "price_hourly": 0.01786,
            "price_monthly": 12,
            "private_networking": true,
            "region": "sgp1",
            "resize_disk": true,
            "size": "s-1vcpu-2gb",
            "ssh_keys": [
              "19:4b:cc:be:0c:8b:af:b8:3c:25:64:91:35:4f:8e:e9"
            ],
            "status": "active",
            "tags": null,
            "timeouts": null,
            "urn": "do:droplet:346898804",
            "user_data": null,
            "vcpus": 1,
            "volume_ids": [],
            "vpc_uuid": "bd05aa18-6f94-4849-b3fe-2f9ad62d0dc4"
          },
          "sensitive_attributes": [],
          "private": "eyJlMmJmYjczMC1lY2FhLTExZTYtOGY4OC0zNDM2M2JjN2M0YzAiOnsiY3JlYXRlIjozNjAwMDAwMDAwMDAwLCJkZWxldGUiOjYwMDAwMDAwMDAwLCJ1cGRhdGUiOjM2MDAwMDAwMDAwMDB9LCJzY2hlbWFfdmVyc2lvbiI6IjEifQ==",
          "dependencies": [
            "digitalocean_ssh_key.ws2_pub_key"
          ]
        }
      ]
    },
    {
      "mode": "managed",
      "type": "digitalocean_ssh_key",
      "name": "ws2_pub_key",
      "provider": "provider[\"registry.terraform.io/digitalocean/digitalocean\"]",
      "instances": [
        {
          "schema_version": 0,
          "attributes": {
            "fingerprint": "19:4b:cc:be:0c:8b:af:b8:3c:25:64:91:35:4f:8e:e9",
            "id": "37854093",
            "name": "workshop02 pub key",
            "public_key": "ssh-rsa AAAAB3NzaC1yc2EAAAADAQABAAACAQC5NK/3qKU2eNmdggL1oG1Rs+otRCsmGmrRn4mXkD0F5gXc+n+Zmr/KQ91SvHQB8FFwwRH3LMkmNQWZ9R6oqf8hKg5bdEuYM3OePSlW4ya/2QNgBkeAowu/APBqhtyyXiGyNVXbczlD7elkg0Dh4AUnAaqLNGgOKFPm7biAcKmpmKJc+9+e3hAZHBQcZfPOrsRBiRtfrcMs1X4gxS2YYEHoWLB+7I1mzEonGUQ92owh3V0OInRJbeo6abom/MHaiuF8zhpg9fFlE2hJP227uihFRVDRZyX0XZg+qzcjF6OCPxA/kTQ2yOP7VmJuad+sUoRjzGjvMFEHILLSBSfF8kMBTMN1KFm8mf7+nRH5oz6gQpODwVaosYI2pWDTdB6A9HmAjywpUYQbeK7XWdlajP2s9FumLP8UWNjl8Qv9pZ5FqCQM7KWtBkMsgij1HlNY6l/MFhuP9XcNtrudRlD+divHvbDytDAoJSIzo4L0qFCi/o1/ogCnq8fYhKCipCZUDKWdjzQuanfvd31vnFCLOlCfXfS1sRL6Erts43Yw+/jAQUKb6gPn9v8cL4GRl8iVrw4Fq+x/grjIU/3dU3R9hOB9aDtBPsRsrAs/YaNLG6XKaHcMDxePrEXcJsx+I/dmHbS7jsFUCGVmVtqqiR+G8joSjcLF+5CxgA/whp/cgO06ww== qingen@qe-low-2L414\n"
          },
          "sensitive_attributes": [
            [
              {
                "type": "get_attr",
                "value": "public_key"
              }
            ]
          ],
          "private": "bnVsbA=="
        }
      ]
    },
    {
      "mode": "managed",
      "type": "local_file",
      "name": "server_inventory",
      "provider": "provider[\"registry.terraform.io/hashicorp/local\"]",
      "instances": [
        {
          "schema_version": 0,
          "attributes": {
            "content": "all:\n  vars:\n    ansible_connection: ssh\n    ansible_user: root\n    ansible_ssh_private_key_file: ~/.ssh/aipc_ws2\n  hosts:\n    codeserver:\n      ansible_host: 157.245.204.158\n      codeserver_domain: \u003cCODESERVER_DOMAIN\u003e\n      codeserver_password: \u003cCODESERVER_PASSWORD\u003e",
            "content_base64": null,
            "content_base64sha256": "gyw72ikzteRp8w1VNc8A/i+N4ie1GysHWyfVly+A22I=",
            "content_base64sha512": "mS/v86AUu8PKbattCtJRULcTc+olLeRk/iY+cI8jWUiI34+OIQD0NjbJeUjPHXTabO7ES2C/6hSfxIc51vnz8A==",
            "content_md5": "e0e1742a55ba39016da3075461ad3218",
            "content_sha1": "fd26fefe01b82af70c885c4228264014f4c0b698",
            "content_sha256": "832c3bda2933b5e469f30d5535cf00fe2f8de227b51b2b075b27d5972f80db62",
            "content_sha512": "992feff3a014bbc3ca6dab6d0ad25150b71373ea252de464fe263e708f23594888df8f8e2100f43636c97948cf1d74da6ceec44b60bfea149fc48739d6f9f3f0",
            "directory_permission": "0777",
            "file_permission": "0777",
            "filename": "inventory.yaml",
            "id": "fd26fefe01b82af70c885c4228264014f4c0b698",
            "sensitive_content": null,
            "source": null
          },
          "sensitive_attributes": [
            [
              {
                "type": "get_attr",
                "value": "content"
              }
            ]
          ],
          "dependencies": [
            "digitalocean_droplet.server_workshop02",
            "digitalocean_ssh_key.ws2_pub_key"
          ]
        }
      ]
    }
  ]
}
